
Microsoft Visual Studio Solution File, Format Version 12.00
# Visual Studio 15
VisualStudioVersion = 15.0.27703.2035
MinimumVisualStudioVersion = 10.0.40219.1
Project("{FAE04EC0-301F-11D3-BF4B-00C04F79EFBC}") = "ConsoleView", "ConsoleView\ConsoleView.csproj", "{D4D6723F-8ED1-4CB6-8139-4C9696919177}"
EndProject
Project("{FAE04EC0-301F-11D3-BF4B-00C04F79EFBC}") = "Models", "Models\Models.csproj", "{2BC2C52F-867F-4EC9-B21F-CC921D457B02}"
EndProject
Project("{FAE04EC0-301F-11D3-BF4B-00C04F79EFBC}") = "Controllers", "Controllers\Controllers.csproj", "{5538C7BF-2945-4872-A32B-81D754584E1E}"
EndProject
Global
	GlobalSection(SolutionConfigurationPlatforms) = preSolution
		Debug|Any CPU = Debug|Any CPU
		Release|Any CPU = Release|Any CPU
	EndGlobalSection
	GlobalSection(ProjectConfigurationPlatforms) = postSolution
		{D4D6723F-8ED1-4CB6-8139-4C9696919177}.Debug|Any CPU.ActiveCfg = Debug|Any CPU
		{D4D6723F-8ED1-4CB6-8139-4C9696919177}.Debug|Any CPU.Build.0 = Debug|Any CPU
		{D4D6723F-8ED1-4CB6-8139-4C9696919177}.Release|Any CPU.ActiveCfg = Release|Any CPU
		{D4D6723F-8ED1-4CB6-8139-4C9696919177}.Release|Any CPU.Build.0 = Release|Any CPU
		{2BC2C52F-867F-4EC9-B21F-CC921D457B02}.Debug|Any CPU.ActiveCfg = Debug|Any CPU
		{2BC2C52F-867F-4EC9-B21F-CC921D457B02}.Debug|Any CPU.Build.0 = Debug|Any CPU
		{2BC2C52F-867F-4EC9-B21F-CC921D457B02}.Release|Any CPU.ActiveCfg = Release|Any CPU
		{2BC2C52F-867F-4EC9-B21F-CC921D457B02}.Release|Any CPU.Build.0 = Release|Any CPU
		{5538C7BF-2945-4872-A32B-81D754584E1E}.Debug|Any CPU.ActiveCfg = Debug|Any CPU
		{5538C7BF-2945-4872-A32B-81D754584E1E}.Debug|Any CPU.Build.0 = Debug|Any CPU
		{5538C7BF-2945-4872-A32B-81D754584E1E}.Release|Any CPU.ActiveCfg = Release|Any CPU
		{5538C7BF-2945-4872-A32B-81D754584E1E}.Release|Any CPU.Build.0 = Release|Any CPU
	EndGlobalSection
	GlobalSection(SolutionProperties) = preSolution
		HideSolutionNode = FALSE
	EndGlobalSection
	GlobalSection(ExtensibilityGlobals) = postSolution
		SolutionGuid = {7E670217-3454-47C0-9945-4376D7012525}
	EndGlobalSection
EndGlobal
